
Microsoft Visual Studio Solution File, Format Version 12.00
# Visual Studio Version 16
VisualStudioVersion = 16.0.31402.337
MinimumVisualStudioVersion = 10.0.40219.1
Project("{FAE04EC0-301F-11D3-BF4B-00C04F79EFBC}") = "Atkina", "Atkina\Atkina.csproj", "{84195F6A-F3DB-40DB-9B9D-3E2B39B3E8C0}"
EndProject
Global
	GlobalSection(SolutionConfigurationPlatforms) = preSolution
		Debug|Any CPU = Debug|Any CPU
		Release|Any CPU = Release|Any CPU
	EndGlobalSection
	GlobalSection(ProjectConfigurationPlatforms) = postSolution
		{84195F6A-F3DB-40DB-9B9D-3E2B39B3E8C0}.Debug|Any CPU.ActiveCfg = Debug|Any CPU
		{84195F6A-F3DB-40DB-9B9D-3E2B39B3E8C0}.Debug|Any CPU.Build.0 = Debug|Any CPU
		{84195F6A-F3DB-40DB-9B9D-3E2B39B3E8C0}.Release|Any CPU.ActiveCfg = Release|Any CPU
		{84195F6A-F3DB-40DB-9B9D-3E2B39B3E8C0}.Release|Any CPU.Build.0 = Release|Any CPU
	EndGlobalSection
	GlobalSection(SolutionProperties) = preSolution
		HideSolutionNode = FALSE
	EndGlobalSection
	GlobalSection(ExtensibilityGlobals) = postSolution
		SolutionGuid = {9DAC692C-F4AD-4818-BB54-0291A28BEC02}
	EndGlobalSection
EndGlobal
